{
  "version": "v1.0.0-beta.5",
  "extensions": {
    "css-components": {
      "appliedAt": "2026-06-29T16:39:02+02:00"
    },
    "docker": {
      "appliedAt": "2026-06-29T16:39:02+02:00"
    }
  },
  "tools": {
    "dblab": {
      "version": "v0.34.3",
      "source": "github.com/danvergara/dblab",
      "download": {
        "urlTemplate": "https://github.com/danvergara/dblab/releases/download/{{version}}/dblab_{{version_no_v}}_{{os}}_{{arch}}.tar.gz",
        "archive": "tar.gz",
        "binaryName": "dblab"
      }
    },
    "goose": {
      "version": "v3.27.0",
      "source": "github.com/pressly/goose",
      "download": {
        "urlTemplate": "https://github.com/pressly/goose/releases/download/{{version}}/goose_{{os}}_{{arch_x86_64}}",
        "archive": "binary",
        "binaryName": "goose"
      }
    },
    "mailpit": {
      "version": "v1.29.2",
      "source": "github.com/axllent/mailpit",
      "download": {
        "urlTemplate": "https://github.com/axllent/mailpit/releases/download/{{version}}/mailpit-{{os}}-{{arch}}.tar.gz",
        "archive": "tar.gz",
        "binaryName": "mailpit"
      }
    },
    "shadowfax": {
      "version": "v0.8.1",
      "source": "github.com/mbvlabs/shadowfax",
      "download": {
        "urlTemplate": "https://github.com/mbvlabs/shadowfax/releases/download/{{version}}/shadowfax-{{os}}-{{arch}}",
        "archive": "binary",
        "binaryName": "shadowfax"
      }
    },
    "tailwindcli": {
      "version": "v4.2.1",
      "download": {
        "urlTemplate": "https://github.com/tailwindlabs/tailwindcss/releases/download/{{version}}/tailwindcss-{{os_tailwind}}-{{arch_tailwind}}",
        "archive": "binary",
        "binaryName": "tailwindcli"
      }
    },
    "templ": {
      "version": "v0.3.1001",
      "source": "github.com/a-h/templ",
      "download": {
        "urlTemplate": "https://github.com/a-h/templ/releases/download/{{version}}/templ_{{os_capitalized}}_{{arch_x86_64}}.tar.gz",
        "archive": "tar.gz",
        "binaryName": "templ"
      }
    },
    "usql": {
      "version": "v0.21.1",
      "source": "github.com/xo/usql",
      "download": {
        "urlTemplate": "https://github.com/xo/usql/releases/download/{{version}}/usql-{{version_no_v}}-{{os}}-{{arch}}.tar.bz2",
        "archive": "tar.bz2",
        "binaryName": "usql"
      }
    }
  },
  "scaffoldConfig": {
    "projectName": "mbvlabs",
    "database": "postgresql",
    "cssFramework": "tailwind",
    "diMode": "uberfx",
    "inertia": "vue"
  },
  "databaseConfig": {
    "nullType": "sql.Null"
  }
}
